
Microsoft Visual Studio Solution File, Format Version 12.00
# Visual Studio Version 17
VisualStudioVersion = 17.10.35122.118
MinimumVisualStudioVersion = 10.0.40219.1
Project("{FAE04EC0-301F-11D3-BF4B-00C04F79EFBC}") = "GestorStock", "GestorStock\GestorStock.csproj", "{412984F1-792F-477B-ADB8-414E9C2376C9}"
EndProject
Project("{FAE04EC0-301F-11D3-BF4B-00C04F79EFBC}") = "dominio", "dominio\dominio.csproj", "{A43EAB6C-8087-44D8-97B6-F63AF03E3434}"
EndProject
Project("{FAE04EC0-301F-11D3-BF4B-00C04F79EFBC}") = "negocio", "negocio\negocio.csproj", "{5B265ACB-DFC9-4AEC-81E3-F2F1067870C9}"
EndProject
Project("{FAE04EC0-301F-11D3-BF4B-00C04F79EFBC}") = "acceso-datos", "acceso-datos\acceso-datos.csproj", "{1700C432-A93B-4880-89A7-DFF09B5801DE}"
EndProject
Global
	GlobalSection(SolutionConfigurationPlatforms) = preSolution
		Debug|Any CPU = Debug|Any CPU
		Release|Any CPU = Release|Any CPU
	EndGlobalSection
	GlobalSection(ProjectConfigurationPlatforms) = postSolution
		{412984F1-792F-477B-ADB8-414E9C2376C9}.Debug|Any CPU.ActiveCfg = Debug|Any CPU
		{412984F1-792F-477B-ADB8-414E9C2376C9}.Debug|Any CPU.Build.0 = Debug|Any CPU
		{412984F1-792F-477B-ADB8-414E9C2376C9}.Release|Any CPU.ActiveCfg = Release|Any CPU
		{412984F1-792F-477B-ADB8-414E9C2376C9}.Release|Any CPU.Build.0 = Release|Any CPU
		{A43EAB6C-8087-44D8-97B6-F63AF03E3434}.Debug|Any CPU.ActiveCfg = Debug|Any CPU
		{A43EAB6C-8087-44D8-97B6-F63AF03E3434}.Debug|Any CPU.Build.0 = Debug|Any CPU
		{A43EAB6C-8087-44D8-97B6-F63AF03E3434}.Release|Any CPU.ActiveCfg = Release|Any CPU
		{A43EAB6C-8087-44D8-97B6-F63AF03E3434}.Release|Any CPU.Build.0 = Release|Any CPU
		{5B265ACB-DFC9-4AEC-81E3-F2F1067870C9}.Debug|Any CPU.ActiveCfg = Debug|Any CPU
		{5B265ACB-DFC9-4AEC-81E3-F2F1067870C9}.Debug|Any CPU.Build.0 = Debug|Any CPU
		{5B265ACB-DFC9-4AEC-81E3-F2F1067870C9}.Release|Any CPU.ActiveCfg = Release|Any CPU
		{5B265ACB-DFC9-4AEC-81E3-F2F1067870C9}.Release|Any CPU.Build.0 = Release|Any CPU
		{1700C432-A93B-4880-89A7-DFF09B5801DE}.Debug|Any CPU.ActiveCfg = Debug|Any CPU
		{1700C432-A93B-4880-89A7-DFF09B5801DE}.Debug|Any CPU.Build.0 = Debug|Any CPU
		{1700C432-A93B-4880-89A7-DFF09B5801DE}.Release|Any CPU.ActiveCfg = Release|Any CPU
		{1700C432-A93B-4880-89A7-DFF09B5801DE}.Release|Any CPU.Build.0 = Release|Any CPU
	EndGlobalSection
	GlobalSection(SolutionProperties) = preSolution
		HideSolutionNode = FALSE
	EndGlobalSection
	GlobalSection(ExtensibilityGlobals) = postSolution
		SolutionGuid = {12C76C63-47E6-4D85-8288-DDEDBD7A7A8E}
	EndGlobalSection
EndGlobal
